// !$*UTF8*$!
{
	archiveVersion = 1;
	classes = {
	};
	objectVersion = 77;
	objects = {

/* Begin PBXContainerItemProxy section */
		038BBB8F2D80F31B003B12B9 /* PBXContainerItemProxy */ = {
			isa = PBXContainerItemProxy;
			containerPortal = 038BBB762D80F316003B12B9 /* Project object */;
			proxyType = 1;
			remoteGlobalIDString = 038BBB7D2D80F316003B12B9;
			remoteInfo = "To-do-list";
		};
		038BBB992D80F31B003B12B9 /* PBXContainerItemProxy */ = {
			isa = PBXContainerItemProxy;
			containerPortal = 038BBB762D80F316003B12B9 /* Project object */;
			proxyType = 1;
			remoteGlobalIDString = 038BBB7D2D80F316003B12B9;
			remoteInfo = "To-do-list";
		};
/* End PBXContainerItemProxy section */

/* Begin PBXFileReference section */
		038BBB7E2D80F316003B12B9 /* To-do-list.app */ = {isa = PBXFileReference; explicitFileType = wrapper.application; includeInIndex = 0; path = "To-do-list.app"; sourceTree = BUILT_PRODUCTS_DIR; };
		038BBB8E2D80F31B003B12B9 /* To-do-listTests.xctest */ = {isa = PBXFileReference; explicitFileType = wrapper.cfbundle; includeInIndex = 0; path = "To-do-listTests.xctest"; sourceTree = BUILT_PRODUCTS_DIR; };
		038BBB982D80F31B003B12B9 /* To-do-listUITests.xctest */ = {isa = PBXFileReference; explicitFileType = wrapper.cfbundle; includeInIndex = 0; path = "To-do-listUITests.xctest"; sourceTree = BUILT_PRODUCTS_DIR; };
/* End PBXFileReference section */

/* Begin PBXFileSystemSynchronizedRootGroup section */
		038BBB802D80F316003B12B9 /* To-do-list */ = {
			isa = PBXFileSystemSynchronizedRootGroup;
			path = "To-do-list";
			sourceTree = "<group>";
		};
		038BBB912D80F31B003B12B9 /* To-do-listTests */ = {
			isa = PBXFileSystemSynchronizedRootGroup;
			path = "To-do-listTests";
			sourceTree = "<group>";
		};
		038BBB9B2D80F31B003B12B9 /* To-do-listUITests */ = {
			isa = PBXFileSystemSynchronizedRootGroup;
			path = "To-do-listUITests";
			sourceTree = "<group>";
		};
/* End PBXFileSystemSynchronizedRootGroup section */

/* Begin PBXFrameworksBuildPhase section */
		038BBB7B2D80F316003B12B9 /* Frameworks */ = {
			isa = PBXFrameworksBuildPhase;
			buildActionMask = 2147483647;
			files = (
			);
			runOnlyForDeploymentPostprocessing = 0;
		};
		038BBB8B2D80F31B003B12B9 /* Frameworks */ = {
			isa = PBXFrameworksBuildPhase;
			buildActionMask = 2147483647;
			files = (
			);
			runOnlyForDeploymentPostprocessing = 0;
		};
		038BBB952D80F31B003B12B9 /* Frameworks */ = {
			isa = PBXFrameworksBuildPhase;
			buildActionMask = 2147483647;
			files = (
			);
			runOnlyForDeploymentPostprocessing = 0;
		};
/* End PBXFrameworksBuildPhase section */

/* Begin PBXGroup section */
		038BBB752D80F316003B12B9 = {
			isa = PBXGroup;
			children = (
				038BBB802D80F316003B12B9 /* To-do-list */,
				038BBB912D80F31B003B12B9 /* To-do-listTests */,
				038BBB9B2D80F31B003B12B9 /* To-do-listUITests */,
				038BBB7F2D80F316003B12B9 /* Products */,
			);
			sourceTree = "<group>";
		};
		038BBB7F2D80F316003B12B9 /* Products */ = {
			isa = PBXGroup;
			children = (
				038BBB7E2D80F316003B12B9 /* To-do-list.app */,
				038BBB8E2D80F31B003B12B9 /* To-do-listTests.xctest */,
				038BBB982D80F31B003B12B9 /* To-do-listUITests.xctest */,
			);
			name = Products;
			sourceTree = "<group>";
		};
/* End PBXGroup section */

/* Begin PBXNativeTarget section */
		038BBB7D2D80F316003B12B9 /* To-do-list */ = {
			isa = PBXNativeTarget;
			buildConfigurationList = 038BBBA22D80F31B003B12B9 /* Build configuration list for PBXNativeTarget "To-do-list" */;
			buildPhases = (
				038BBB7A2D80F316003B12B9 /* Sources */,
				038BBB7B2D80F316003B12B9 /* Frameworks */,
				038BBB7C2D80F316003B12B9 /* Resources */,
			);
			buildRules = (
			);
			dependencies = (
			);
			fileSystemSynchronizedGroups = (
				038BBB802D80F316003B12B9 /* To-do-list */,
			);
			name = "To-do-list";
			packageProductDependencies = (
			);
			productName = "To-do-list";
			productReference = 038BBB7E2D80F316003B12B9 /* To-do-list.app */;
			productType = "com.apple.product-type.application";
		};
		038BBB8D2D80F31B003B12B9 /* To-do-listTests */ = {
			isa = PBXNativeTarget;
			buildConfigurationList = 038BBBA52D80F31B003B12B9 /* Build configuration list for PBXNativeTarget "To-do-listTests" */;
			buildPhases = (
				038BBB8A2D80F31B003B12B9 /* Sources */,
				038BBB8B2D80F31B003B12B9 /* Frameworks */,
				038BBB8C2D80F31B003B12B9 /* Resources */,
			);
			buildRules = (
			);
			dependencies = (
				038BBB902D80F31B003B12B9 /* PBXTargetDependency */,
			);
			fileSystemSynchronizedGroups = (
				038BBB912D80F31B003B12B9 /* To-do-listTests */,
			);
			name = "To-do-listTests";
			packageProductDependencies = (
			);
			productName = "To-do-listTests";
			productReference = 038BBB8E2D80F31B003B12B9 /* To-do-listTests.xctest */;
			productType = "com.apple.product-type.bundle.unit-test";
		};
		038BBB972D80F31B003B12B9 /* To-do-listUITests */ = {
			isa = PBXNativeTarget;
			buildConfigurationList = 038BBBA82D80F31B003B12B9 /* Build configuration list for PBXNativeTarget "To-do-listUITests" */;
			buildPhases = (
				038BBB942D80F31B003B12B9 /* Sources */,
				038BBB952D80F31B003B12B9 /* Frameworks */,
				038BBB962D80F31B003B12B9 /* Resources */,
			);
			buildRules = (
			);
			dependencies = (
				038BBB9A2D80F31B003B12B9 /* PBXTargetDependency */,
			);
			fileSystemSynchronizedGroups = (
				038BBB9B2D80F31B003B12B9 /* To-do-listUITests */,
			);
			name = "To-do-listUITests";
			packageProductDependencies = (
			);
			productName = "To-do-listUITests";
			productReference = 038BBB982D80F31B003B12B9 /* To-do-listUITests.xctest */;
			productType = "com.apple.product-type.bundle.ui-testing";
		};
/* End PBXNativeTarget section */

/* Begin PBXProject section */
		038BBB762D80F316003B12B9 /* Project object */ = {
			isa = PBXProject;
			attributes = {
				BuildIndependentTargetsInParallel = 1;
				LastSwiftUpdateCheck = 1620;
				LastUpgradeCheck = 1620;
				TargetAttributes = {
					038BBB7D2D80F316003B12B9 = {
						CreatedOnToolsVersion = 16.2;
					};
					038BBB8D2D80F31B003B12B9 = {
						CreatedOnToolsVersion = 16.2;
						TestTargetID = 038BBB7D2D80F316003B12B9;
					};
					038BBB972D80F31B003B12B9 = {
						CreatedOnToolsVersion = 16.2;
						TestTargetID = 038BBB7D2D80F316003B12B9;
					};
				};
			};
			buildConfigurationList = 038BBB792D80F316003B12B9 /* Build configuration list for PBXProject "To-do-list" */;
			developmentRegion = en;
			hasScannedForEncodings = 0;
			knownRegions = (
				en,
				Base,
			);
			mainGroup = 038BBB752D80F316003B12B9;
			minimizedProjectReferenceProxies = 1;
			preferredProjectObjectVersion = 77;
			productRefGroup = 038BBB7F2D80F316003B12B9 /* Products */;
			projectDirPath = "";
			projectRoot = "";
			targets = (
				038BBB7D2D80F316003B12B9 /* To-do-list */,
				038BBB8D2D80F31B003B12B9 /* To-do-listTests */,
				038BBB972D80F31B003B12B9 /* To-do-listUITests */,
			);
		};
/* End PBXProject section */

/* Begin PBXResourcesBuildPhase section */
		038BBB7C2D80F316003B12B9 /* Resources */ = {
			isa = PBXResourcesBuildPhase;
			buildActionMask = 2147483647;
			files = (
			);
			runOnlyForDeploymentPostprocessing = 0;
		};
		038BBB8C2D80F31B003B12B9 /* Resources */ = {
			isa = PBXResourcesBuildPhase;
			buildActionMask = 2147483647;
			files = (
			);
			runOnlyForDeploymentPostprocessing = 0;
		};
		038BBB962D80F31B003B12B9 /* Resources */ = {
			isa = PBXResourcesBuildPhase;
			buildActionMask = 2147483647;
			files = (
			);
			runOnlyForDeploymentPostprocessing = 0;
		};
/* End PBXResourcesBuildPhase section */

/* Begin PBXSourcesBuildPhase section */
		038BBB7A2D80F316003B12B9 /* Sources */ = {
			isa = PBXSourcesBuildPhase;
			buildActionMask = 2147483647;
			files = (
			);
			runOnlyForDeploymentPostprocessing = 0;
		};
		038BBB8A2D80F31B003B12B9 /* Sources */ = {
			isa = PBXSourcesBuildPhase;
			buildActionMask = 2147483647;
			files = (
			);
			runOnlyForDeploymentPostprocessing = 0;
		};
		038BBB942D80F31B003B12B9 /* Sources */ = {
			isa = PBXSourcesBuildPhase;
			buildActionMask = 2147483647;
			files = (
			);
			runOnlyForDeploymentPostprocessing = 0;
		};
/* End PBXSourcesBuildPhase section */

/* Begin PBXTargetDependency section */
		038BBB902D80F31B003B12B9 /* PBXTargetDependency */ = {
			isa = PBXTargetDependency;
			target = 038BBB7D2D80F316003B12B9 /* To-do-list */;
			targetProxy = 038BBB8F2D80F31B003B12B9 /* PBXContainerItemProxy */;
		};
		038BBB9A2D80F31B003B12B9 /* PBXTargetDependency */ = {
			isa = PBXTargetDependency;
			target = 038BBB7D2D80F316003B12B9 /* To-do-list */;
			targetProxy = 038BBB992D80F31B003B12B9 /* PBXContainerItemProxy */;
		};
/* End PBXTargetDependency section */

/* Begin XCBuildConfiguration section */
		038BBBA02D80F31B003B12B9 /* Debug */ = {
			isa = XCBuildConfiguration;
			buildSettings = {
				ALWAYS_SEARCH_USER_PATHS = NO;
				ASSETCATALOG_COMPILER_GENERATE_SWIFT_ASSET_SYMBOL_EXTENSIONS = YES;
				CLANG_ANALYZER_NONNULL = YES;
				CLANG_ANALYZER_NUMBER_OBJECT_CONVERSION = YES_AGGRESSIVE;
				CLANG_CXX_LANGUAGE_STANDARD = "gnu++20";
				CLANG_ENABLE_MODULES = YES;
				CLANG_ENABLE_OBJC_ARC = YES;
				CLANG_ENABLE_OBJC_WEAK = YES;
				CLANG_WARN_BLOCK_CAPTURE_AUTORELEASING = YES;
				CLANG_WARN_BOOL_CONVERSION = YES;
				CLANG_WARN_COMMA = YES;
				CLANG_WARN_CONSTANT_CONVERSION = YES;
				CLANG_WARN_DEPRECATED_OBJC_IMPLEMENTATIONS = YES;
				CLANG_WARN_DIRECT_OBJC_ISA_USAGE = YES_ERROR;
				CLANG_WARN_DOCUMENTATION_COMMENTS = YES;
				CLANG_WARN_EMPTY_BODY = YES;
				CLANG_WARN_ENUM_CONVERSION = YES;
				CLANG_WARN_INFINITE_RECURSION = YES;
				CLANG_WARN_INT_CONVERSION = YES;
				CLANG_WARN_NON_LITERAL_NULL_CONVERSION = YES;
				CLANG_WARN_OBJC_IMPLICIT_RETAIN_SELF = YES;
				CLANG_WARN_OBJC_LITERAL_CONVERSION = YES;
				CLANG_WARN_OBJC_ROOT_CLASS = YES_ERROR;
				CLANG_WARN_QUOTED_INCLUDE_IN_FRAMEWORK_HEADER = YES;
				CLANG_WARN_RANGE_LOOP_ANALYSIS = YES;
				CLANG_WARN_STRICT_PROTOTYPES = YES;
				CLANG_WARN_SUSPICIOUS_MOVE = YES;
				CLANG_WARN_UNGUARDED_AVAILABILITY = YES_AGGRESSIVE;
				CLANG_WARN_UNREACHABLE_CODE = YES;
				CLANG_WARN__DUPLICATE_METHOD_MATCH = YES;
				COPY_PHASE_STRIP = NO;
				DEBUG_INFORMATION_FORMAT = dwarf;
				ENABLE_STRICT_OBJC_MSGSEND = YES;
				ENABLE_TESTABILITY = YES;
				ENABLE_USER_SCRIPT_SANDBOXING = YES;
				GCC_C_LANGUAGE_STANDARD = gnu17;
				GCC_DYNAMIC_NO_PIC = NO;
				GCC_NO_COMMON_BLOCKS = YES;
				GCC_OPTIMIZATION_LEVEL = 0;
				GCC_PREPROCESSOR_DEFINITIONS = (
					"DEBUG=1",
					"$(inherited)",
				);
				GCC_WARN_64_TO_32_BIT_CONVERSION = YES;
				GCC_WARN_ABOUT_RETURN_TYPE = YES_ERROR;
				GCC_WARN_UNDECLARED_SELECTOR = YES;
				GCC_WARN_UNINITIALIZED_AUTOS = YES_AGGRESSIVE;
				GCC_WARN_UNUSED_FUNCTION = YES;
				GCC_WARN_UNUSED_VARIABLE = YES;
				IPHONEOS_DEPLOYMENT_TARGET = 18.2;
				LOCALIZATION_PREFERS_STRING_CATALOGS = YES;
				MTL_ENABLE_DEBUG_INFO = INCLUDE_SOURCE;
				MTL_FAST_MATH = YES;
				ONLY_ACTIVE_ARCH = YES;
				SDKROOT = iphoneos;
				SWIFT_ACTIVE_COMPILATION_CONDITIONS = "DEBUG $(inherited)";
				SWIFT_OPTIMIZATION_LEVEL = "-Onone";
			};
			name = Debug;
		};
		038BBBA12D80F31B003B12B9 /* Release */ = {
			isa = XCBuildConfiguration;
			buildSettings = {
				ALWAYS_SEARCH_USER_PATHS = NO;
				ASSETCATALOG_COMPILER_GENERATE_SWIFT_ASSET_SYMBOL_EXTENSIONS = YES;
				CLANG_ANALYZER_NONNULL = YES;
				CLANG_ANALYZER_NUMBER_OBJECT_CONVERSION = YES_AGGRESSIVE;
				CLANG_CXX_LANGUAGE_STANDARD = "gnu++20";
				CLANG_ENABLE_MODULES = YES;
				CLANG_ENABLE_OBJC_ARC = YES;
				CLANG_ENABLE_OBJC_WEAK = YES;
				CLANG_WARN_BLOCK_CAPTURE_AUTORELEASING = YES;
				CLANG_WARN_BOOL_CONVERSION = YES;
				CLANG_WARN_COMMA = YES;
				CLANG_WARN_CONSTANT_CONVERSION = YES;
				CLANG_WARN_DEPRECATED_OBJC_IMPLEMENTATIONS = YES;
				CLANG_WARN_DIRECT_OBJC_ISA_USAGE = YES_ERROR;
				CLANG_WARN_DOCUMENTATION_COMMENTS = YES;
				CLANG_WARN_EMPTY_BODY = YES;
				CLANG_WARN_ENUM_CONVERSION = YES;
				CLANG_WARN_INFINITE_RECURSION = YES;
				CLANG_WARN_INT_CONVERSION = YES;
				CLANG_WARN_NON_LITERAL_NULL_CONVERSION = YES;
				CLANG_WARN_OBJC_IMPLICIT_RETAIN_SELF = YES;
				CLANG_WARN_OBJC_LITERAL_CONVERSION = YES;
				CLANG_WARN_OBJC_ROOT_CLASS = YES_ERROR;
				CLANG_WARN_QUOTED_INCLUDE_IN_FRAMEWORK_HEADER = YES;
				CLANG_WARN_RANGE_LOOP_ANALYSIS = YES;
				CLANG_WARN_STRICT_PROTOTYPES = YES;
				CLANG_WARN_SUSPICIOUS_MOVE = YES;
				CLANG_WARN_UNGUARDED_AVAILABILITY = YES_AGGRESSIVE;
				CLANG_WARN_UNREACHABLE_CODE = YES;
				CLANG_WARN__DUPLICATE_METHOD_MATCH = YES;
				COPY_PHASE_STRIP = NO;
				DEBUG_INFORMATION_FORMAT = "dwarf-with-dsym";
				ENABLE_NS_ASSERTIONS = NO;
				ENABLE_STRICT_OBJC_MSGSEND = YES;
				ENABLE_USER_SCRIPT_SANDBOXING = YES;
				GCC_C_LANGUAGE_STANDARD = gnu17;
				GCC_NO_COMMON_BLOCKS = YES;
				GCC_WARN_64_TO_32_BIT_CONVERSION = YES;
				GCC_WARN_ABOUT_RETURN_TYPE = YES_ERROR;
				GCC_WARN_UNDECLARED_SELECTOR = YES;
				GCC_WARN_UNINITIALIZED_AUTOS = YES_AGGRESSIVE;
				GCC_WARN_UNUSED_FUNCTION = YES;
				GCC_WARN_UNUSED_VARIABLE = YES;
				IPHONEOS_DEPLOYMENT_TARGET = 18.2;
				LOCALIZATION_PREFERS_STRING_CATALOGS = YES;
				MTL_ENABLE_DEBUG_INFO = NO;
				MTL_FAST_MATH = YES;
				SDKROOT = iphoneos;
				SWIFT_COMPILATION_MODE = wholemodule;
				VALIDATE_PRODUCT = YES;
			};
			name = Release;
		};
		038BBBA32D80F31B003B12B9 /* Debug */ = {
			isa = XCBuildConfiguration;
			buildSettings = {
				ASSETCATALOG_COMPILER_APPICON_NAME = AppIcon;
				ASSETCATALOG_COMPILER_GLOBAL_ACCENT_COLOR_NAME = AccentColor;
				CODE_SIGN_STYLE = Automatic;
				CURRENT_PROJECT_VERSION = 1;
				DEVELOPMENT_ASSET_PATHS = "\"To-do-list/Preview Content\"";
				DEVELOPMENT_TEAM = 5Q88J9N6C8;
				ENABLE_PREVIEWS = YES;
				GENERATE_INFOPLIST_FILE = YES;
				INFOPLIST_KEY_UIApplicationSceneManifest_Generation = YES;
				INFOPLIST_KEY_UIApplicationSupportsIndirectInputEvents = YES;
				INFOPLIST_KEY_UILaunchScreen_Generation = YES;
				INFOPLIST_KEY_UISupportedInterfaceOrientations_iPad = "UIInterfaceOrientationPortrait UIInterfaceOrientationPortraitUpsideDown UIInterfaceOrientationLandscapeLeft UIInterfaceOrientationLandscapeRight";
				INFOPLIST_KEY_UISupportedInterfaceOrientations_iPhone = "UIInterfaceOrientationPortrait UIInterfaceOrientationLandscapeLeft UIInterfaceOrientationLandscapeRight";
				LD_RUNPATH_SEARCH_PATHS = (
					"$(inherited)",
					"@executable_path/Frameworks",
				);
				MARKETING_VERSION = 1.0;
				PRODUCT_BUNDLE_IDENTIFIER = "com.nyajames.To-do-list";
				PRODUCT_NAME = "$(TARGET_NAME)";
				SWIFT_EMIT_LOC_STRINGS = YES;
				SWIFT_VERSION = 5.0;
				TARGETED_DEVICE_FAMILY = "1,2";
			};
			name = Debug;
		};
		038BBBA42D80F31B003B12B9 /* Release */ = {
			isa = XCBuildConfiguration;
			buildSettings = {
				ASSETCATALOG_COMPILER_APPICON_NAME = AppIcon;
				ASSETCATALOG_COMPILER_GLOBAL_ACCENT_COLOR_NAME = AccentColor;
				CODE_SIGN_STYLE = Automatic;
				CURRENT_PROJECT_VERSION = 1;
				DEVELOPMENT_ASSET_PATHS = "\"To-do-list/Preview Content\"";
				DEVELOPMENT_TEAM = 5Q88J9N6C8;
				ENABLE_PREVIEWS = YES;
				GENERATE_INFOPLIST_FILE = YES;
				INFOPLIST_KEY_UIApplicationSceneManifest_Generation = YES;
				INFOPLIST_KEY_UIApplicationSupportsIndirectInputEvents = YES;
				INFOPLIST_KEY_UILaunchScreen_Generation = YES;
				INFOPLIST_KEY_UISupportedInterfaceOrientations_iPad = "UIInterfaceOrientationPortrait UIInterfaceOrientationPortraitUpsideDown UIInterfaceOrientationLandscapeLeft UIInterfaceOrientationLandscapeRight";
				INFOPLIST_KEY_UISupportedInterfaceOrientations_iPhone = "UIInterfaceOrientationPortrait UIInterfaceOrientationLandscapeLeft UIInterfaceOrientationLandscapeRight";
				LD_RUNPATH_SEARCH_PATHS = (
					"$(inherited)",
					"@executable_path/Frameworks",
				);
				MARKETING_VERSION = 1.0;
				PRODUCT_BUNDLE_IDENTIFIER = "com.nyajames.To-do-list";
				PRODUCT_NAME = "$(TARGET_NAME)";
				SWIFT_EMIT_LOC_STRINGS = YES;
				SWIFT_VERSION = 5.0;
				TARGETED_DEVICE_FAMILY = "1,2";
			};
			name = Release;
		};
		038BBBA62D80F31B003B12B9 /* Debug */ = {
			isa = XCBuildConfiguration;
			buildSettings = {
				BUNDLE_LOADER = "$(TEST_HOST)";
				CODE_SIGN_STYLE = Automatic;
				CURRENT_PROJECT_VERSION = 1;
				DEVELOPMENT_TEAM = 5Q88J9N6C8;
				GENERATE_INFOPLIST_FILE = YES;
				IPHONEOS_DEPLOYMENT_TARGET = 18.2;
				MARKETING_VERSION = 1.0;
				PRODUCT_BUNDLE_IDENTIFIER = "com.nyajames.To-do-listTests";
				PRODUCT_NAME = "$(TARGET_NAME)";
				SWIFT_EMIT_LOC_STRINGS = NO;
				SWIFT_VERSION = 5.0;
				TARGETED_DEVICE_FAMILY = "1,2";
				TEST_HOST = "$(BUILT_PRODUCTS_DIR)/To-do-list.app/$(BUNDLE_EXECUTABLE_FOLDER_PATH)/To-do-list";
			};
			name = Debug;
		};
		038BBBA72D80F31B003B12B9 /* Release */ = {
			isa = XCBuildConfiguration;
			buildSettings = {
				BUNDLE_LOADER = "$(TEST_HOST)";
				CODE_SIGN_STYLE = Automatic;
				CURRENT_PROJECT_VERSION = 1;
				DEVELOPMENT_TEAM = 5Q88J9N6C8;
				GENERATE_INFOPLIST_FILE = YES;
				IPHONEOS_DEPLOYMENT_TARGET = 18.2;
				MARKETING_VERSION = 1.0;
				PRODUCT_BUNDLE_IDENTIFIER = "com.nyajames.To-do-listTests";
				PRODUCT_NAME = "$(TARGET_NAME)";
				SWIFT_EMIT_LOC_STRINGS = NO;
				SWIFT_VERSION = 5.0;
				TARGETED_DEVICE_FAMILY = "1,2";
				TEST_HOST = "$(BUILT_PRODUCTS_DIR)/To-do-list.app/$(BUNDLE_EXECUTABLE_FOLDER_PATH)/To-do-list";
			};
			name = Release;
		};
		038BBBA92D80F31B003B12B9 /* Debug */ = {
			isa = XCBuildConfiguration;
			buildSettings = {
				CODE_SIGN_STYLE = Automatic;
				CURRENT_PROJECT_VERSION = 1;
				DEVELOPMENT_TEAM = 5Q88J9N6C8;
				GENERATE_INFOPLIST_FILE = YES;
				MARKETING_VERSION = 1.0;
				PRODUCT_BUNDLE_IDENTIFIER = "com.nyajames.To-do-listUITests";
				PRODUCT_NAME = "$(TARGET_NAME)";
				SWIFT_EMIT_LOC_STRINGS = NO;
				SWIFT_VERSION = 5.0;
				TARGETED_DEVICE_FAMILY = "1,2";
				TEST_TARGET_NAME = "To-do-list";
			};
			name = Debug;
		};
		038BBBAA2D80F31B003B12B9 /* Release */ = {
			isa = XCBuildConfiguration;
			buildSettings = {
				CODE_SIGN_STYLE = Automatic;
				CURRENT_PROJECT_VERSION = 1;
				DEVELOPMENT_TEAM = 5Q88J9N6C8;
				GENERATE_INFOPLIST_FILE = YES;
				MARKETING_VERSION = 1.0;
				PRODUCT_BUNDLE_IDENTIFIER = "com.nyajames.To-do-listUITests";
				PRODUCT_NAME = "$(TARGET_NAME)";
				SWIFT_EMIT_LOC_STRINGS = NO;
				SWIFT_VERSION = 5.0;
				TARGETED_DEVICE_FAMILY = "1,2";
				TEST_TARGET_NAME = "To-do-list";
			};
			name = Release;
		};
/* End XCBuildConfiguration section */

/* Begin XCConfigurationList section */
		038BBB792D80F316003B12B9 /* Build configuration list for PBXProject "To-do-list" */ = {
			isa = XCConfigurationList;
			buildConfigurations = (
				038BBBA02D80F31B003B12B9 /* Debug */,
				038BBBA12D80F31B003B12B9 /* Release */,
			);
			defaultConfigurationIsVisible = 0;
			defaultConfigurationName = Release;
		};
		038BBBA22D80F31B003B12B9 /* Build configuration list for PBXNativeTarget "To-do-list" */ = {
			isa = XCConfigurationList;
			buildConfigurations = (
				038BBBA32D80F31B003B12B9 /* Debug */,
				038BBBA42D80F31B003B12B9 /* Release */,
			);
			defaultConfigurationIsVisible = 0;
			defaultConfigurationName = Release;
		};
		038BBBA52D80F31B003B12B9 /* Build configuration list for PBXNativeTarget "To-do-listTests" */ = {
			isa = XCConfigurationList;
			buildConfigurations = (
				038BBBA62D80F31B003B12B9 /* Debug */,
				038BBBA72D80F31B003B12B9 /* Release */,
			);
			defaultConfigurationIsVisible = 0;
			defaultConfigurationName = Release;
		};
		038BBBA82D80F31B003B12B9 /* Build configuration list for PBXNativeTarget "To-do-listUITests" */ = {
			isa = XCConfigurationList;
			buildConfigurations = (
				038BBBA92D80F31B003B12B9 /* Debug */,
				038BBBAA2D80F31B003B12B9 /* Release */,
			);
			defaultConfigurationIsVisible = 0;
			defaultConfigurationName = Release;
		};
/* End XCConfigurationList section */
	};
	rootObject = 038BBB762D80F316003B12B9 /* Project object */;
}
